{
  "version": 4,
  "terraform_version": "1.13.1",
  "serial": 51,
  "lineage": "0bba7c42-7a14-a9f4-9015-e1dc237e4ba8",
  "outputs": {
    "backend_url": {
      "value": "http://35.169.130.19:8000",
      "type": "string"
    },
    "frontend_url": {
      "value": "http://35.169.130.19:3000",
      "type": "string"
    },
    "server_dns": {
      "value": "ec2-35-169-130-19.compute-1.amazonaws.com",
      "type": "string"
    },
    "server_ip": {
      "value": "35.169.130.19",
      "type": "string"
    },
    "ssh_command": {
      "value": "ssh -i ~/.ssh/anchor-abroad-key ec2-user@35.169.130.19",
      "type": "string"
    }
  },
  "resources": [
    {
      "mode": "managed",
      "type": "aws_eip",
      "name": "app_eip",
      "provider": "provider[\"registry.terraform.io/hashicorp/aws\"]",
      "instances": [
        {
          "schema_version": 0,
          "attributes": {
            "address": null,
            "allocation_id": "eipalloc-035a15c6e56e4ef80",
            "arn": "arn:aws:ec2:us-east-1:216989106152:elastic-ip/eipalloc-035a15c6e56e4ef80",
            "associate_with_private_ip": null,
            "association_id": "eipassoc-0bb78adbf50738621",
            "carrier_ip": "",
            "customer_owned_ip": "",
            "customer_owned_ipv4_pool": "",
            "domain": "vpc",
            "id": "eipalloc-035a15c6e56e4ef80",
            "instance": "i-0b0bbce7df74e79ca",
            "ipam_pool_id": null,
            "network_border_group": "us-east-1",
            "network_interface": "eni-081040cdb7def66e2",
            "private_dns": "ip-10-0-1-54.ec2.internal",
            "private_ip": "10.0.1.54",
            "ptr_record": "",
            "public_dns": "ec2-35-169-130-19.compute-1.amazonaws.com",
            "public_ip": "35.169.130.19",
            "public_ipv4_pool": "amazon",
            "region": "us-east-1",
            "tags": {
              "Environment": "dev",
              "Name": "anchor-abroad-eip"
            },
            "tags_all": {
              "Environment": "dev",
              "Name": "anchor-abroad-eip"
            },
            "timeouts": null
          },
          "sensitive_attributes": [],
          "identity_schema_version": 0,
          "private": "eyJlMmJmYjczMC1lY2FhLTExZTYtOGY4OC0zNDM2M2JjN2M0YzAiOnsiZGVsZXRlIjoxODAwMDAwMDAwMDAsInJlYWQiOjkwMDAwMDAwMDAwMCwidXBkYXRlIjozMDAwMDAwMDAwMDB9fQ==",
          "dependencies": [
            "aws_instance.app_server",
            "aws_key_pair.app_key",
            "aws_security_group.app_sg",
            "aws_subnet.public",
            "aws_vpc.main"
          ]
        }
      ]
    },
    {
      "mode": "managed",
      "type": "aws_instance",
      "name": "app_server",
      "provider": "provider[\"registry.terraform.io/hashicorp/aws\"]",
      "instances": [
        {
          "schema_version": 2,
          "attributes": {
            "ami": "ami-0c02fb55956c7d316",
            "arn": "arn:aws:ec2:us-east-1:216989106152:instance/i-0b0bbce7df74e79ca",
            "associate_public_ip_address": true,
            "availability_zone": "us-east-1a",
            "capacity_reservation_specification": [
              {
                "capacity_reservation_preference": "open",
                "capacity_reservation_target": []
              }
            ],
            "cpu_options": [
              {
                "amd_sev_snp": "",
                "core_count": 1,
                "threads_per_core": 1
              }
            ],
            "credit_specification": [
              {
                "cpu_credits": "standard"
              }
            ],
            "disable_api_stop": false,
            "disable_api_termination": false,
            "ebs_block_device": [],
            "ebs_optimized": false,
            "enable_primary_ipv6": null,
            "enclave_options": [
              {
                "enabled": false
              }
            ],
            "ephemeral_block_device": [],
            "force_destroy": false,
            "get_password_data": false,
            "hibernation": false,
            "host_id": "",
            "host_resource_group_arn": null,
            "iam_instance_profile": "",
            "id": "i-0b0bbce7df74e79ca",
            "instance_initiated_shutdown_behavior": "stop",
            "instance_lifecycle": "",
            "instance_market_options": [],
            "instance_state": "running",
            "instance_type": "t2.micro",
            "ipv6_address_count": 0,
            "ipv6_addresses": [],
            "key_name": "anchor-abroad-key",
            "launch_template": [],
            "maintenance_options": [
              {
                "auto_recovery": "default"
              }
            ],
            "metadata_options": [
              {
                "http_endpoint": "enabled",
                "http_protocol_ipv6": "disabled",
                "http_put_response_hop_limit": 1,
                "http_tokens": "optional",
                "instance_metadata_tags": "disabled"
              }
            ],
            "monitoring": false,
            "network_interface": [],
            "outpost_arn": "",
            "password_data": "",
            "placement_group": "",
            "placement_group_id": "",
            "placement_partition_number": 0,
            "primary_network_interface": [
              {
                "delete_on_termination": true,
                "network_interface_id": "eni-081040cdb7def66e2"
              }
            ],
            "primary_network_interface_id": "eni-081040cdb7def66e2",
            "private_dns": "ip-10-0-1-54.ec2.internal",
            "private_dns_name_options": [
              {
                "enable_resource_name_dns_a_record": false,
                "enable_resource_name_dns_aaaa_record": false,
                "hostname_type": "ip-name"
              }
            ],
            "private_ip": "10.0.1.54",
            "public_dns": "ec2-35-169-130-19.compute-1.amazonaws.com",
            "public_ip": "35.169.130.19",
            "region": "us-east-1",
            "root_block_device": [
              {
                "delete_on_termination": true,
                "device_name": "/dev/xvda",
                "encrypted": false,
                "iops": 100,
                "kms_key_id": "",
                "tags": {},
                "tags_all": {},
                "throughput": 0,
                "volume_id": "vol-0cc1c2abe0ebfc60f",
                "volume_size": 30,
                "volume_type": "gp2"
              }
            ],
            "secondary_private_ips": [],
            "security_groups": [],
            "source_dest_check": true,
            "spot_instance_request_id": "",
            "subnet_id": "subnet-0ea928885b198301e",
            "tags": {
              "Environment": "dev",
              "Name": "anchor-abroad-server"
            },
            "tags_all": {
              "Environment": "dev",
              "Name": "anchor-abroad-server"
            },
            "tenancy": "default",
            "timeouts": null,
            "user_data": "#!/bin/bash\nset -e\n\n# Update system\nyum update -y\n\n# Install Docker\nyum install -y docker\nsystemctl start docker\nsystemctl enable docker\n\n# Add ec2-user to docker group\nusermod -a -G docker ec2-user\n\n# Install docker-compose\ncurl -L \"https://github.com/docker/compose/releases/latest/download/docker-compose-$(uname -s)-$(uname -m)\" -o /usr/local/bin/docker-compose\nchmod +x /usr/local/bin/docker-compose\n\n# Install git\nyum install -y git\n\n# Create app directory\nmkdir -p /home/ec2-user/app\nchown -R ec2-user:ec2-user /home/ec2-user/app\n",
            "user_data_base64": null,
            "user_data_replace_on_change": false,
            "volume_tags": null,
            "vpc_security_group_ids": [
              "sg-0632ba494b658d8dc"
            ]
          },
          "sensitive_attributes": [],
          "identity_schema_version": 0,
          "identity": {
            "account_id": "216989106152",
            "id": "i-0b0bbce7df74e79ca",
            "region": "us-east-1"
          },
          "private": "eyJlMmJmYjczMC1lY2FhLTExZTYtOGY4OC0zNDM2M2JjN2M0YzAiOnsiY3JlYXRlIjo2MDAwMDAwMDAwMDAsImRlbGV0ZSI6MTIwMDAwMDAwMDAwMCwicmVhZCI6OTAwMDAwMDAwMDAwLCJ1cGRhdGUiOjYwMDAwMDAwMDAwMH0sInNjaGVtYV92ZXJzaW9uIjoiMiJ9",
          "dependencies": [
            "aws_key_pair.app_key",
            "aws_security_group.app_sg",
            "aws_subnet.public",
            "aws_vpc.main"
          ]
        }
      ]
    },
    {
      "mode": "managed",
      "type": "aws_internet_gateway",
      "name": "main",
      "provider": "provider[\"registry.terraform.io/hashicorp/aws\"]",
      "instances": [
        {
          "schema_version": 0,
          "attributes": {
            "arn": "arn:aws:ec2:us-east-1:216989106152:internet-gateway/igw-0638e434769043f35",
            "id": "igw-0638e434769043f35",
            "owner_id": "216989106152",
            "region": "us-east-1",
            "tags": {
              "Environment": "dev",
              "Name": "anchor-abroad-igw"
            },
            "tags_all": {
              "Environment": "dev",
              "Name": "anchor-abroad-igw"
            },
            "timeouts": null,
            "vpc_id": "vpc-0b273623072bc96e5"
          },
          "sensitive_attributes": [],
          "identity_schema_version": 0,
          "private": "eyJlMmJmYjczMC1lY2FhLTExZTYtOGY4OC0zNDM2M2JjN2M0YzAiOnsiY3JlYXRlIjoxMjAwMDAwMDAwMDAwLCJkZWxldGUiOjEyMDAwMDAwMDAwMDAsInVwZGF0ZSI6MTIwMDAwMDAwMDAwMH19",
          "dependencies": [
            "aws_vpc.main"
          ]
        }
      ]
    },
    {
      "mode": "managed",
      "type": "aws_key_pair",
      "name": "app_key",
      "provider": "provider[\"registry.terraform.io/hashicorp/aws\"]",
      "instances": [
        {
          "schema_version": 1,
          "attributes": {
            "arn": "arn:aws:ec2:us-east-1:216989106152:key-pair/anchor-abroad-key",
            "fingerprint": "41:6f:94:67:53:b3:0e:e6:0a:f1:59:14:93:4c:b3:df",
            "id": "anchor-abroad-key",
            "key_name": "anchor-abroad-key",
            "key_name_prefix": "",
            "key_pair_id": "key-03603d12aa4e97e73",
            "key_type": "rsa",
            "public_key": "ssh-rsa AAAAB3NzaC1yc2EAAAADAQABAAACAQCfkrCEQSN3A1F/AnWf+eGM8SsCLmBOEvXhNBpfHUvwR7GrUolvgobACm2ET1un0AXb++fNcI12xTj1/053Yo5ZwhQHipi8hI1MUU7HXq3kcUZ9nqj4jENeSwrrBnLILWlU3uRUtrz9CLiA8/52MCXdFRMZTKBbJ6hNNlGTbQ0+xUMOeKrR9qV3a2QOjGqOzPyqr8c3Slf3/vhM8hlDMmBPY3IxWgmo1Rh9Oy7jDRSSesCGJYYUPSr9dUA6d7BM18/sfk5sqkSI6owOp+gY4qy3l7kF6ZrdES222ivDaMDMeWZX8xzQiGXEaMGE8FXnL1UcXUQNb16B0OYijJ/iim5HoICpsDm3UwMCkXYjzsQQ1Uf4lMk2PVJk8Cid71YREYcgqAmQvKnxTtYV4RMOIgxSsxrrF7WvcPIEGb8m8swGQz0zINtLdq+CmbHrRys97fv/3JUjPKWr9hql+exLPLlBwoDHsQ9AI4O31BgffWFgO/T1jthj7XTj+qcohIiOYBKf0D/ZbBbU6HJYhDV38FSnbWyqvOOT3Y/t53s7eNhaMCSfYG5Q5T3cWjFn2RMKXm3/YLcJG8WaNRDnq+9R1zvNpu9AfxCSA/wiWXGFtZYTEqPbwgFaCfbxmSNJSlDawIzysKqcAr0miBHBEhA5E24c22sq5oQwFmd3I9ZrFEW3mw== daniel@Daniels-MacBook-Air.local",
            "region": "us-east-1",
            "tags": {},
            "tags_all": {}
          },
          "sensitive_attributes": [],
          "identity_schema_version": 0,
          "private": "eyJzY2hlbWFfdmVyc2lvbiI6IjEifQ=="
        }
      ]
    },
    {
      "mode": "managed",
      "type": "aws_route_table",
      "name": "public",
      "provider": "provider[\"registry.terraform.io/hashicorp/aws\"]",
      "instances": [
        {
          "schema_version": 0,
          "attributes": {
            "arn": "arn:aws:ec2:us-east-1:216989106152:route-table/rtb-05263a8ac85cc51fe",
            "id": "rtb-05263a8ac85cc51fe",
            "owner_id": "216989106152",
            "propagating_vgws": [],
            "region": "us-east-1",
            "route": [
              {
                "carrier_gateway_id": "",
                "cidr_block": "0.0.0.0/0",
                "core_network_arn": "",
                "destination_prefix_list_id": "",
                "egress_only_gateway_id": "",
                "gateway_id": "igw-0638e434769043f35",
                "ipv6_cidr_block": "",
                "local_gateway_id": "",
                "nat_gateway_id": "",
                "network_interface_id": "",
                "transit_gateway_id": "",
                "vpc_endpoint_id": "",
                "vpc_peering_connection_id": ""
              }
            ],
            "tags": {
              "Environment": "dev",
              "Name": "anchor-abroad-public-rt"
            },
            "tags_all": {
              "Environment": "dev",
              "Name": "anchor-abroad-public-rt"
            },
            "timeouts": null,
            "vpc_id": "vpc-0b273623072bc96e5"
          },
          "sensitive_attributes": [],
          "identity_schema_version": 0,
          "identity": {
            "account_id": "216989106152",
            "id": "rtb-05263a8ac85cc51fe",
            "region": "us-east-1"
          },
          "private": "eyJlMmJmYjczMC1lY2FhLTExZTYtOGY4OC0zNDM2M2JjN2M0YzAiOnsiY3JlYXRlIjozMDAwMDAwMDAwMDAsImRlbGV0ZSI6MzAwMDAwMDAwMDAwLCJ1cGRhdGUiOjEyMDAwMDAwMDAwMH19",
          "dependencies": [
            "aws_internet_gateway.main",
            "aws_vpc.main"
          ]
        }
      ]
    },
    {
      "mode": "managed",
      "type": "aws_route_table_association",
      "name": "public",
      "provider": "provider[\"registry.terraform.io/hashicorp/aws\"]",
      "instances": [
        {
          "schema_version": 0,
          "attributes": {
            "gateway_id": "",
            "id": "rtbassoc-00a4c20b653708135",
            "region": "us-east-1",
            "route_table_id": "rtb-05263a8ac85cc51fe",
            "subnet_id": "subnet-0ea928885b198301e",
            "timeouts": null
          },
          "sensitive_attributes": [],
          "identity_schema_version": 0,
          "private": "eyJlMmJmYjczMC1lY2FhLTExZTYtOGY4OC0zNDM2M2JjN2M0YzAiOnsiY3JlYXRlIjozMDAwMDAwMDAwMDAsImRlbGV0ZSI6MzAwMDAwMDAwMDAwLCJ1cGRhdGUiOjEyMDAwMDAwMDAwMH19",
          "dependencies": [
            "aws_internet_gateway.main",
            "aws_route_table.public",
            "aws_subnet.public",
            "aws_vpc.main"
          ]
        }
      ]
    },
    {
      "mode": "managed",
      "type": "aws_security_group",
      "name": "app_sg",
      "provider": "provider[\"registry.terraform.io/hashicorp/aws\"]",
      "instances": [
        {
          "schema_version": 1,
          "attributes": {
            "arn": "arn:aws:ec2:us-east-1:216989106152:security-group/sg-0632ba494b658d8dc",
            "description": "Security group for anchor-abroad application",
            "egress": [
              {
                "cidr_blocks": [
                  "0.0.0.0/0"
                ],
                "description": "",
                "from_port": 0,
                "ipv6_cidr_blocks": [],
                "prefix_list_ids": [],
                "protocol": "-1",
                "security_groups": [],
                "self": false,
                "to_port": 0
              }
            ],
            "id": "sg-0632ba494b658d8dc",
            "ingress": [
              {
                "cidr_blocks": [
                  "0.0.0.0/0"
                ],
                "description": "Django Backend",
                "from_port": 8000,
                "ipv6_cidr_blocks": [],
                "prefix_list_ids": [],
                "protocol": "tcp",
                "security_groups": [],
                "self": false,
                "to_port": 8000
              },
              {
                "cidr_blocks": [
                  "0.0.0.0/0"
                ],
                "description": "HTTP",
                "from_port": 80,
                "ipv6_cidr_blocks": [],
                "prefix_list_ids": [],
                "protocol": "tcp",
                "security_groups": [],
                "self": false,
                "to_port": 80
              },
              {
                "cidr_blocks": [
                  "0.0.0.0/0"
                ],
                "description": "React Frontend",
                "from_port": 3000,
                "ipv6_cidr_blocks": [],
                "prefix_list_ids": [],
                "protocol": "tcp",
                "security_groups": [],
                "self": false,
                "to_port": 3000
              },
              {
                "cidr_blocks": [
                  "0.0.0.0/0"
                ],
                "description": "SSH",
                "from_port": 22,
                "ipv6_cidr_blocks": [],
                "prefix_list_ids": [],
                "protocol": "tcp",
                "security_groups": [],
                "self": false,
                "to_port": 22
              }
            ],
            "name": "anchor-abroad-20251104225713208500000001",
            "name_prefix": "anchor-abroad-",
            "owner_id": "216989106152",
            "region": "us-east-1",
            "revoke_rules_on_delete": false,
            "tags": {
              "Environment": "dev",
              "Name": "anchor-abroad-sg"
            },
            "tags_all": {
              "Environment": "dev",
              "Name": "anchor-abroad-sg"
            },
            "timeouts": null,
            "vpc_id": "vpc-0b273623072bc96e5"
          },
          "sensitive_attributes": [],
          "identity_schema_version": 0,
          "identity": {
            "account_id": "216989106152",
            "id": "sg-0632ba494b658d8dc",
            "region": "us-east-1"
          },
          "private": "eyJlMmJmYjczMC1lY2FhLTExZTYtOGY4OC0zNDM2M2JjN2M0YzAiOnsiY3JlYXRlIjo2MDAwMDAwMDAwMDAsImRlbGV0ZSI6OTAwMDAwMDAwMDAwfSwic2NoZW1hX3ZlcnNpb24iOiIxIn0=",
          "dependencies": [
            "aws_vpc.main"
          ]
        }
      ]
    },
    {
      "mode": "managed",
      "type": "aws_subnet",
      "name": "public",
      "provider": "provider[\"registry.terraform.io/hashicorp/aws\"]",
      "instances": [
        {
          "schema_version": 1,
          "attributes": {
            "arn": "arn:aws:ec2:us-east-1:216989106152:subnet/subnet-0ea928885b198301e",
            "assign_ipv6_address_on_creation": false,
            "availability_zone": "us-east-1a",
            "availability_zone_id": "use1-az1",
            "cidr_block": "10.0.1.0/24",
            "customer_owned_ipv4_pool": "",
            "enable_dns64": false,
            "enable_lni_at_device_index": 0,
            "enable_resource_name_dns_a_record_on_launch": false,
            "enable_resource_name_dns_aaaa_record_on_launch": false,
            "id": "subnet-0ea928885b198301e",
            "ipv6_cidr_block": "",
            "ipv6_cidr_block_association_id": "",
            "ipv6_native": false,
            "map_customer_owned_ip_on_launch": false,
            "map_public_ip_on_launch": true,
            "outpost_arn": "",
            "owner_id": "216989106152",
            "private_dns_hostname_type_on_launch": "ip-name",
            "region": "us-east-1",
            "tags": {
              "Environment": "dev",
              "Name": "anchor-abroad-public-subnet"
            },
            "tags_all": {
              "Environment": "dev",
              "Name": "anchor-abroad-public-subnet"
            },
            "timeouts": null,
            "vpc_id": "vpc-0b273623072bc96e5"
          },
          "sensitive_attributes": [],
          "identity_schema_version": 0,
          "identity": {
            "account_id": "216989106152",
            "id": "subnet-0ea928885b198301e",
            "region": "us-east-1"
          },
          "private": "eyJlMmJmYjczMC1lY2FhLTExZTYtOGY4OC0zNDM2M2JjN2M0YzAiOnsiY3JlYXRlIjo2MDAwMDAwMDAwMDAsImRlbGV0ZSI6MTIwMDAwMDAwMDAwMH0sInNjaGVtYV92ZXJzaW9uIjoiMSJ9",
          "dependencies": [
            "aws_vpc.main"
          ]
        }
      ]
    },
    {
      "mode": "managed",
      "type": "aws_vpc",
      "name": "main",
      "provider": "provider[\"registry.terraform.io/hashicorp/aws\"]",
      "instances": [
        {
          "schema_version": 1,
          "attributes": {
            "arn": "arn:aws:ec2:us-east-1:216989106152:vpc/vpc-0b273623072bc96e5",
            "assign_generated_ipv6_cidr_block": false,
            "cidr_block": "10.0.0.0/16",
            "default_network_acl_id": "acl-0d5cdf070ca368060",
            "default_route_table_id": "rtb-085816788f6b37491",
            "default_security_group_id": "sg-0a27433b2e4653d1a",
            "dhcp_options_id": "dopt-08a646ecf748bb634",
            "enable_dns_hostnames": true,
            "enable_dns_support": true,
            "enable_network_address_usage_metrics": false,
            "id": "vpc-0b273623072bc96e5",
            "instance_tenancy": "default",
            "ipv4_ipam_pool_id": null,
            "ipv4_netmask_length": null,
            "ipv6_association_id": "",
            "ipv6_cidr_block": "",
            "ipv6_cidr_block_network_border_group": "",
            "ipv6_ipam_pool_id": "",
            "ipv6_netmask_length": 0,
            "main_route_table_id": "rtb-085816788f6b37491",
            "owner_id": "216989106152",
            "region": "us-east-1",
            "tags": {
              "Environment": "dev",
              "Name": "anchor-abroad-vpc"
            },
            "tags_all": {
              "Environment": "dev",
              "Name": "anchor-abroad-vpc"
            }
          },
          "sensitive_attributes": [],
          "identity_schema_version": 0,
          "private": "eyJzY2hlbWFfdmVyc2lvbiI6IjEifQ=="
        }
      ]
    }
  ],
  "check_results": null
}
